
Microsoft Visual Studio Solution File, Format Version 12.00
# Visual Studio Version 17
VisualStudioVersion = 17.5.002.0
MinimumVisualStudioVersion = 10.0.40219.1
Project("{9A19103F-16F7-4668-BE54-9A1E7A4F7556}") = "WeatherAPI_DebugVersion", "WeatherAPI_DebugVersion.csproj", "{17429E04-71AE-4B53-9016-3097D9022886}"
EndProject
Global
	GlobalSection(SolutionConfigurationPlatforms) = preSolution
		Debug|Any CPU = Debug|Any CPU
		Release|Any CPU = Release|Any CPU
	EndGlobalSection
	GlobalSection(ProjectConfigurationPlatforms) = postSolution
		{17429E04-71AE-4B53-9016-3097D9022886}.Debug|Any CPU.ActiveCfg = Debug|Any CPU
		{17429E04-71AE-4B53-9016-3097D9022886}.Debug|Any CPU.Build.0 = Debug|Any CPU
		{17429E04-71AE-4B53-9016-3097D9022886}.Release|Any CPU.ActiveCfg = Release|Any CPU
		{17429E04-71AE-4B53-9016-3097D9022886}.Release|Any CPU.Build.0 = Release|Any CPU
	EndGlobalSection
	GlobalSection(SolutionProperties) = preSolution
		HideSolutionNode = FALSE
	EndGlobalSection
	GlobalSection(ExtensibilityGlobals) = postSolution
		SolutionGuid = {C120D859-ABD1-4106-9DB8-3A5AA29887D1}
	EndGlobalSection
EndGlobal
